
Microsoft Visual Studio Solution File, Format Version 12.00
# Visual Studio Version 16
VisualStudioVersion = 16.0.28803.202
MinimumVisualStudioVersion = 10.0.40219.1
Project("{FAE04EC0-301F-11D3-BF4B-00C04F79EFBC}") = "dba-approved.core", "dba-approved\dba-approved.core.csproj", "{C720A251-EDFF-434B-BB5C-4128E5DBEF46}"
EndProject
Project("{FAE04EC0-301F-11D3-BF4B-00C04F79EFBC}") = "dba-approved.unit.tests", "dba-approved.unit.tests\dba-approved.unit.tests.csproj", "{5A1064DE-2DD7-44D2-916C-2B5406BA7C80}"
EndProject
Global
	GlobalSection(SolutionConfigurationPlatforms) = preSolution
		Debug|Any CPU = Debug|Any CPU
		Release|Any CPU = Release|Any CPU
	EndGlobalSection
	GlobalSection(ProjectConfigurationPlatforms) = postSolution
		{C720A251-EDFF-434B-BB5C-4128E5DBEF46}.Debug|Any CPU.ActiveCfg = Debug|Any CPU
		{C720A251-EDFF-434B-BB5C-4128E5DBEF46}.Debug|Any CPU.Build.0 = Debug|Any CPU
		{C720A251-EDFF-434B-BB5C-4128E5DBEF46}.Release|Any CPU.ActiveCfg = Release|Any CPU
		{C720A251-EDFF-434B-BB5C-4128E5DBEF46}.Release|Any CPU.Build.0 = Release|Any CPU
		{5A1064DE-2DD7-44D2-916C-2B5406BA7C80}.Debug|Any CPU.ActiveCfg = Debug|Any CPU
		{5A1064DE-2DD7-44D2-916C-2B5406BA7C80}.Debug|Any CPU.Build.0 = Debug|Any CPU
		{5A1064DE-2DD7-44D2-916C-2B5406BA7C80}.Release|Any CPU.ActiveCfg = Release|Any CPU
		{5A1064DE-2DD7-44D2-916C-2B5406BA7C80}.Release|Any CPU.Build.0 = Release|Any CPU
	EndGlobalSection
	GlobalSection(SolutionProperties) = preSolution
		HideSolutionNode = FALSE
	EndGlobalSection
	GlobalSection(ExtensibilityGlobals) = postSolution
		SolutionGuid = {D62A7445-5C83-4E6B-9882-55682037B11B}
	EndGlobalSection
EndGlobal
